
Microsoft Visual Studio Solution File, Format Version 12.00
Project("{D954291E-2A0B-460D-934E-DC6B0785DB48}") = "Common", "Common\Common.shproj", "{B0E30E55-7AAA-49EF-BC46-EC9EC919DAE5}"
EndProject
Project("{FAE04EC0-301F-11D3-BF4B-00C04F79EFBC}") = "Meadows Pack 1", "Meadows Pack 1\Meadows Pack 1.csproj", "{FCA46F01-F67E-434E-844D-1528E2CCD85C}"
EndProject
Project("{FAE04EC0-301F-11D3-BF4B-00C04F79EFBC}") = "BlackForest Pack 1", "BlackForest Pack 1\BlackForest Pack 1.csproj", "{0AC3C0EA-9CC9-495E-8694-32EC05B6E8AB}"
EndProject
Project("{FAE04EC0-301F-11D3-BF4B-00C04F79EFBC}") = "Mountains Pack 1", "Mountains Pack 1\Mountains Pack 1.csproj", "{D805E8FB-0E9A-4D9E-88EC-2165EF6AC738}"
EndProject
Project("{FAE04EC0-301F-11D3-BF4B-00C04F79EFBC}") = "Swamp Pack 1", "Swamp Pack 1\Swamp Pack 1.csproj", "{00000000-0000-0000-0000-000000000000}"
EndProject
Project("{FAE04EC0-301F-11D3-BF4B-00C04F79EFBC}") = "Valheim NPCs Pack 1", "Valheim NPCs Pack 1\Valheim NPCs Pack 1.csproj", "{EB37647D-DFB9-458C-9DF5-82B747B36077}"
EndProject
Project("{FAE04EC0-301F-11D3-BF4B-00C04F79EFBC}") = "Mistlands Pack 1", "Mistlands Pack 1\Mistlands Pack 1.csproj", "{A787FC6C-140B-4CEA-8626-C541548EA684}"
EndProject
Project("{FAE04EC0-301F-11D3-BF4B-00C04F79EFBC}") = "Plains Pack 1", "Plains Pack 1\Plains Pack 1.csproj", "{1B3479D3-5FCE-448B-8C82-6F939C510E9E}"
EndProject
Global
				GlobalSection(SolutionConfigurationPlatforms) = preSolution
								Debug|Any CPU = Debug|Any CPU
								Release|Any CPU = Release|Any CPU
				EndGlobalSection
				GlobalSection(ProjectConfigurationPlatforms) = postSolution
					{0AC3C0EA-9CC9-495E-8694-32EC05B6E8AB}.Debug|Any CPU.ActiveCfg = Debug|Any CPU
					{0AC3C0EA-9CC9-495E-8694-32EC05B6E8AB}.Release|Any CPU.ActiveCfg = Release|Any CPU
					{0AC3C0EA-9CC9-495E-8694-32EC05B6E8AB}.Release|Any CPU.Build.0 = Release|Any CPU
					{FCA46F01-F67E-434E-844D-1528E2CCD85C}.Debug|Any CPU.ActiveCfg = Debug|Any CPU
					{FCA46F01-F67E-434E-844D-1528E2CCD85C}.Release|Any CPU.ActiveCfg = Release|Any CPU
					{FCA46F01-F67E-434E-844D-1528E2CCD85C}.Release|Any CPU.Build.0 = Release|Any CPU
					{B0E30E55-7AAA-49EF-BC46-EC9EC919DAE5}.Debug|Any CPU.ActiveCfg = Debug|Any CPU
					{D805E8FB-0E9A-4D9E-88EC-2165EF6AC738}.Debug|Any CPU.ActiveCfg = Debug|Any CPU
					{D805E8FB-0E9A-4D9E-88EC-2165EF6AC738}.Release|Any CPU.ActiveCfg = Release|Any CPU
					{D805E8FB-0E9A-4D9E-88EC-2165EF6AC738}.Release|Any CPU.Build.0 = Release|Any CPU
					{00000000-0000-0000-0000-000000000000}.Debug|Any CPU.ActiveCfg = Debug|Any CPU
					{EB37647D-DFB9-458C-9DF5-82B747B36077}.Debug|Any CPU.ActiveCfg = Debug|Any CPU
					{A787FC6C-140B-4CEA-8626-C541548EA684}.Release|Any CPU.ActiveCfg = Release|Any CPU
					{A787FC6C-140B-4CEA-8626-C541548EA684}.Release|Any CPU.Build.0 = Release|Any CPU
					{A787FC6C-140B-4CEA-8626-C541548EA684}.Debug|Any CPU.ActiveCfg = Debug|Any CPU
					{1B3479D3-5FCE-448B-8C82-6F939C510E9E}.Debug|Any CPU.ActiveCfg = Debug|Any CPU
					{1B3479D3-5FCE-448B-8C82-6F939C510E9E}.Release|Any CPU.ActiveCfg = Release|Any CPU
					{1B3479D3-5FCE-448B-8C82-6F939C510E9E}.Release|Any CPU.Build.0 = Release|Any CPU
					{1B3479D3-5FCE-448B-8C82-6F939C510E9E}.Debug|Any CPU.Build.0 = Debug|Any CPU
				EndGlobalSection
EndGlobal
